
Microsoft Visual Studio Solution File, Format Version 12.00
# Visual Studio Version 17
VisualStudioVersion = 17.12.35527.113 d17.12
MinimumVisualStudioVersion = 10.0.40219.1
Project("{FAE04EC0-301F-11D3-BF4B-00C04F79EFBC}") = "Assignment1", "Assignment1\Assignment1.csproj", "{51C115D0-C7B9-4AF0-992E-F3C1A9DF2BDF}"
EndProject
Project("{FAE04EC0-301F-11D3-BF4B-00C04F79EFBC}") = "Assignment2", "Assignment2\Assignment2.csproj", "{7B6A9F8F-CDC5-4E3D-93A3-1E43BCB73545}"
EndProject
Project("{FAE04EC0-301F-11D3-BF4B-00C04F79EFBC}") = "Assignment3", "Assignment3\Assignment3.csproj", "{129F5AC4-B98F-427F-907C-EC80FC47C002}"
EndProject
Global
	GlobalSection(SolutionConfigurationPlatforms) = preSolution
		Debug|Any CPU = Debug|Any CPU
		Release|Any CPU = Release|Any CPU
	EndGlobalSection
	GlobalSection(ProjectConfigurationPlatforms) = postSolution
		{51C115D0-C7B9-4AF0-992E-F3C1A9DF2BDF}.Debug|Any CPU.ActiveCfg = Debug|Any CPU
		{51C115D0-C7B9-4AF0-992E-F3C1A9DF2BDF}.Debug|Any CPU.Build.0 = Debug|Any CPU
		{51C115D0-C7B9-4AF0-992E-F3C1A9DF2BDF}.Release|Any CPU.ActiveCfg = Release|Any CPU
		{51C115D0-C7B9-4AF0-992E-F3C1A9DF2BDF}.Release|Any CPU.Build.0 = Release|Any CPU
		{7B6A9F8F-CDC5-4E3D-93A3-1E43BCB73545}.Debug|Any CPU.ActiveCfg = Debug|Any CPU
		{7B6A9F8F-CDC5-4E3D-93A3-1E43BCB73545}.Debug|Any CPU.Build.0 = Debug|Any CPU
		{7B6A9F8F-CDC5-4E3D-93A3-1E43BCB73545}.Release|Any CPU.ActiveCfg = Release|Any CPU
		{7B6A9F8F-CDC5-4E3D-93A3-1E43BCB73545}.Release|Any CPU.Build.0 = Release|Any CPU
		{129F5AC4-B98F-427F-907C-EC80FC47C002}.Debug|Any CPU.ActiveCfg = Debug|Any CPU
		{129F5AC4-B98F-427F-907C-EC80FC47C002}.Debug|Any CPU.Build.0 = Debug|Any CPU
		{129F5AC4-B98F-427F-907C-EC80FC47C002}.Release|Any CPU.ActiveCfg = Release|Any CPU
		{129F5AC4-B98F-427F-907C-EC80FC47C002}.Release|Any CPU.Build.0 = Release|Any CPU
	EndGlobalSection
	GlobalSection(SolutionProperties) = preSolution
		HideSolutionNode = FALSE
	EndGlobalSection
EndGlobal
