
Microsoft Visual Studio Solution File, Format Version 12.00
# Visual Studio Version 17
VisualStudioVersion = 17.12.35527.113 d17.12
MinimumVisualStudioVersion = 10.0.40219.1
Project("{FAE04EC0-301F-11D3-BF4B-00C04F79EFBC}") = "Assignment1", "Assignment1\Assignment1.csproj", "{C293A9E6-2C56-4F53-A4F4-BE611D6EECFA}"
EndProject
Project("{FAE04EC0-301F-11D3-BF4B-00C04F79EFBC}") = "Assignment2", "Assignment2\Assignment2.csproj", "{141125DF-9DA3-4FFD-A85B-541365E15A33}"
EndProject
Global
	GlobalSection(SolutionConfigurationPlatforms) = preSolution
		Debug|Any CPU = Debug|Any CPU
		Release|Any CPU = Release|Any CPU
	EndGlobalSection
	GlobalSection(ProjectConfigurationPlatforms) = postSolution
		{C293A9E6-2C56-4F53-A4F4-BE611D6EECFA}.Debug|Any CPU.ActiveCfg = Debug|Any CPU
		{C293A9E6-2C56-4F53-A4F4-BE611D6EECFA}.Debug|Any CPU.Build.0 = Debug|Any CPU
		{C293A9E6-2C56-4F53-A4F4-BE611D6EECFA}.Release|Any CPU.ActiveCfg = Release|Any CPU
		{C293A9E6-2C56-4F53-A4F4-BE611D6EECFA}.Release|Any CPU.Build.0 = Release|Any CPU
		{141125DF-9DA3-4FFD-A85B-541365E15A33}.Debug|Any CPU.ActiveCfg = Debug|Any CPU
		{141125DF-9DA3-4FFD-A85B-541365E15A33}.Debug|Any CPU.Build.0 = Debug|Any CPU
		{141125DF-9DA3-4FFD-A85B-541365E15A33}.Release|Any CPU.ActiveCfg = Release|Any CPU
		{141125DF-9DA3-4FFD-A85B-541365E15A33}.Release|Any CPU.Build.0 = Release|Any CPU
	EndGlobalSection
	GlobalSection(SolutionProperties) = preSolution
		HideSolutionNode = FALSE
	EndGlobalSection
EndGlobal
