
Microsoft Visual Studio Solution File, Format Version 12.00
# Visual Studio Version 17
VisualStudioVersion = 17.12.35527.113 d17.12
MinimumVisualStudioVersion = 10.0.40219.1
Project("{2150E333-8FDC-42A3-9474-1A3956D46DE8}") = "API", "API", "{E3B689FA-2032-4154-849E-3489A86336EA}"
EndProject
Project("{2150E333-8FDC-42A3-9474-1A3956D46DE8}") = "Application", "Application", "{47A6394B-C7B4-4287-AC73-514C98FCA8D9}"
EndProject
Project("{2150E333-8FDC-42A3-9474-1A3956D46DE8}") = "Domain", "Domain", "{A7F45050-0F9C-44E2-976D-5E15ECE874DB}"
EndProject
Project("{2150E333-8FDC-42A3-9474-1A3956D46DE8}") = "Infrastructure", "Infrastructure", "{CDCF161D-8087-4765-B221-BEABBE45620F}"
EndProject
Project("{FAE04EC0-301F-11D3-BF4B-00C04F79EFBC}") = "PPB.API", "PPB.API\PPB.API.csproj", "{8B985E38-9008-4F0B-808F-D9E43A40EBA1}"
EndProject
Project("{FAE04EC0-301F-11D3-BF4B-00C04F79EFBC}") = "PPB.Application", "PPB.Application\PPB.Application.csproj", "{2BB801AC-194A-46A7-944F-E64296BB43ED}"
EndProject
Project("{FAE04EC0-301F-11D3-BF4B-00C04F79EFBC}") = "PPB.Domain", "PPB.Domain\PPB.Domain.csproj", "{A92A923A-C01B-4559-B282-D6DD26587F23}"
EndProject
Project("{FAE04EC0-301F-11D3-BF4B-00C04F79EFBC}") = "PPB.Infrastructure", "PPB.Infrastructure\PPB.Infrastructure.csproj", "{B9BECB59-A09F-457E-9B10-D792E747761F}"
EndProject
Project("{FAE04EC0-301F-11D3-BF4B-00C04F79EFBC}") = "PPB.Identity", "PPB.Identity\PPB.Identity.csproj", "{4112CAFC-6EBE-4A4A-B8AB-DC3F07F2C1DD}"
EndProject
Global
	GlobalSection(SolutionConfigurationPlatforms) = preSolution
		Debug|Any CPU = Debug|Any CPU
		Release|Any CPU = Release|Any CPU
	EndGlobalSection
	GlobalSection(ProjectConfigurationPlatforms) = postSolution
		{8B985E38-9008-4F0B-808F-D9E43A40EBA1}.Debug|Any CPU.ActiveCfg = Debug|Any CPU
		{8B985E38-9008-4F0B-808F-D9E43A40EBA1}.Debug|Any CPU.Build.0 = Debug|Any CPU
		{8B985E38-9008-4F0B-808F-D9E43A40EBA1}.Release|Any CPU.ActiveCfg = Release|Any CPU
		{8B985E38-9008-4F0B-808F-D9E43A40EBA1}.Release|Any CPU.Build.0 = Release|Any CPU
		{2BB801AC-194A-46A7-944F-E64296BB43ED}.Debug|Any CPU.ActiveCfg = Debug|Any CPU
		{2BB801AC-194A-46A7-944F-E64296BB43ED}.Debug|Any CPU.Build.0 = Debug|Any CPU
		{2BB801AC-194A-46A7-944F-E64296BB43ED}.Release|Any CPU.ActiveCfg = Release|Any CPU
		{2BB801AC-194A-46A7-944F-E64296BB43ED}.Release|Any CPU.Build.0 = Release|Any CPU
		{A92A923A-C01B-4559-B282-D6DD26587F23}.Debug|Any CPU.ActiveCfg = Debug|Any CPU
		{A92A923A-C01B-4559-B282-D6DD26587F23}.Debug|Any CPU.Build.0 = Debug|Any CPU
		{A92A923A-C01B-4559-B282-D6DD26587F23}.Release|Any CPU.ActiveCfg = Release|Any CPU
		{A92A923A-C01B-4559-B282-D6DD26587F23}.Release|Any CPU.Build.0 = Release|Any CPU
		{B9BECB59-A09F-457E-9B10-D792E747761F}.Debug|Any CPU.ActiveCfg = Debug|Any CPU
		{B9BECB59-A09F-457E-9B10-D792E747761F}.Debug|Any CPU.Build.0 = Debug|Any CPU
		{B9BECB59-A09F-457E-9B10-D792E747761F}.Release|Any CPU.ActiveCfg = Release|Any CPU
		{B9BECB59-A09F-457E-9B10-D792E747761F}.Release|Any CPU.Build.0 = Release|Any CPU
		{4112CAFC-6EBE-4A4A-B8AB-DC3F07F2C1DD}.Debug|Any CPU.ActiveCfg = Debug|Any CPU
		{4112CAFC-6EBE-4A4A-B8AB-DC3F07F2C1DD}.Debug|Any CPU.Build.0 = Debug|Any CPU
		{4112CAFC-6EBE-4A4A-B8AB-DC3F07F2C1DD}.Release|Any CPU.ActiveCfg = Release|Any CPU
		{4112CAFC-6EBE-4A4A-B8AB-DC3F07F2C1DD}.Release|Any CPU.Build.0 = Release|Any CPU
	EndGlobalSection
	GlobalSection(SolutionProperties) = preSolution
		HideSolutionNode = FALSE
	EndGlobalSection
	GlobalSection(NestedProjects) = preSolution
		{8B985E38-9008-4F0B-808F-D9E43A40EBA1} = {E3B689FA-2032-4154-849E-3489A86336EA}
		{2BB801AC-194A-46A7-944F-E64296BB43ED} = {47A6394B-C7B4-4287-AC73-514C98FCA8D9}
		{A92A923A-C01B-4559-B282-D6DD26587F23} = {A7F45050-0F9C-44E2-976D-5E15ECE874DB}
		{B9BECB59-A09F-457E-9B10-D792E747761F} = {CDCF161D-8087-4765-B221-BEABBE45620F}
		{4112CAFC-6EBE-4A4A-B8AB-DC3F07F2C1DD} = {CDCF161D-8087-4765-B221-BEABBE45620F}
	EndGlobalSection
EndGlobal
