
Microsoft Visual Studio Solution File, Format Version 12.00
# Visual Studio Version 17
VisualStudioVersion = 17.12.35527.113 d17.12
MinimumVisualStudioVersion = 10.0.40219.1
Project("{FAE04EC0-301F-11D3-BF4B-00C04F79EFBC}") = "Assignment1", "Assignment1\Assignment1.csproj", "{541B1276-8EB7-44CE-99D4-CA5E91CC1C33}"
EndProject
Project("{FAE04EC0-301F-11D3-BF4B-00C04F79EFBC}") = "Assignment2", "Assignment2\Assignment2.csproj", "{52DA021F-8C95-474D-97B9-C95C90F5AB97}"
EndProject
Global
	GlobalSection(SolutionConfigurationPlatforms) = preSolution
		Debug|Any CPU = Debug|Any CPU
		Release|Any CPU = Release|Any CPU
	EndGlobalSection
	GlobalSection(ProjectConfigurationPlatforms) = postSolution
		{541B1276-8EB7-44CE-99D4-CA5E91CC1C33}.Debug|Any CPU.ActiveCfg = Debug|Any CPU
		{541B1276-8EB7-44CE-99D4-CA5E91CC1C33}.Debug|Any CPU.Build.0 = Debug|Any CPU
		{541B1276-8EB7-44CE-99D4-CA5E91CC1C33}.Release|Any CPU.ActiveCfg = Release|Any CPU
		{541B1276-8EB7-44CE-99D4-CA5E91CC1C33}.Release|Any CPU.Build.0 = Release|Any CPU
		{52DA021F-8C95-474D-97B9-C95C90F5AB97}.Debug|Any CPU.ActiveCfg = Debug|Any CPU
		{52DA021F-8C95-474D-97B9-C95C90F5AB97}.Debug|Any CPU.Build.0 = Debug|Any CPU
		{52DA021F-8C95-474D-97B9-C95C90F5AB97}.Release|Any CPU.ActiveCfg = Release|Any CPU
		{52DA021F-8C95-474D-97B9-C95C90F5AB97}.Release|Any CPU.Build.0 = Release|Any CPU
	EndGlobalSection
	GlobalSection(SolutionProperties) = preSolution
		HideSolutionNode = FALSE
	EndGlobalSection
EndGlobal
