
Microsoft Visual Studio Solution File, Format Version 12.00
# Visual Studio Version 17
VisualStudioVersion = 17.12.35527.113 d17.12
MinimumVisualStudioVersion = 10.0.40219.1
Project("{2150E333-8FDC-42A3-9474-1A3956D46DE8}") = "Src", "Src", "{B1003E46-B828-46F5-A53C-0B65BC5DE390}"
EndProject
Project("{2150E333-8FDC-42A3-9474-1A3956D46DE8}") = "API", "API", "{0968C63D-8CEB-4DB1-958C-EC52B1095994}"
EndProject
Project("{2150E333-8FDC-42A3-9474-1A3956D46DE8}") = "Core", "Core", "{19E996D7-3C03-41EB-8F94-E4C6DFF85004}"
EndProject
Project("{2150E333-8FDC-42A3-9474-1A3956D46DE8}") = "Infrastructure", "Infrastructure", "{4BB0E566-3435-4F3A-9577-299D28A50294}"
EndProject
Project("{FAE04EC0-301F-11D3-BF4B-00C04F79EFBC}") = "PPB.Application", "PPB.Application\PPB.Application.csproj", "{70D86F4F-0DEF-4A83-A54C-E1CFB1B843FB}"
EndProject
Project("{FAE04EC0-301F-11D3-BF4B-00C04F79EFBC}") = "PPB.Domain", "PPB.Domain\PPB.Domain.csproj", "{2DCC875F-37DB-4428-9BCD-7E585FA78FF6}"
EndProject
Project("{FAE04EC0-301F-11D3-BF4B-00C04F79EFBC}") = "PPB.Infrastructure", "PPB.Infrastructure\PPB.Infrastructure.csproj", "{B676AC3D-1B2C-4C67-9BEA-EBCD188A22C8}"
EndProject
Project("{FAE04EC0-301F-11D3-BF4B-00C04F79EFBC}") = "PPB.API", "PPB.API\PPB.API.csproj", "{3D1AA635-106F-4461-AF4F-78B374FBF5B0}"
EndProject
Global
	GlobalSection(SolutionConfigurationPlatforms) = preSolution
		Debug|Any CPU = Debug|Any CPU
		Release|Any CPU = Release|Any CPU
	EndGlobalSection
	GlobalSection(ProjectConfigurationPlatforms) = postSolution
		{70D86F4F-0DEF-4A83-A54C-E1CFB1B843FB}.Debug|Any CPU.ActiveCfg = Debug|Any CPU
		{70D86F4F-0DEF-4A83-A54C-E1CFB1B843FB}.Debug|Any CPU.Build.0 = Debug|Any CPU
		{70D86F4F-0DEF-4A83-A54C-E1CFB1B843FB}.Release|Any CPU.ActiveCfg = Release|Any CPU
		{70D86F4F-0DEF-4A83-A54C-E1CFB1B843FB}.Release|Any CPU.Build.0 = Release|Any CPU
		{2DCC875F-37DB-4428-9BCD-7E585FA78FF6}.Debug|Any CPU.ActiveCfg = Debug|Any CPU
		{2DCC875F-37DB-4428-9BCD-7E585FA78FF6}.Debug|Any CPU.Build.0 = Debug|Any CPU
		{2DCC875F-37DB-4428-9BCD-7E585FA78FF6}.Release|Any CPU.ActiveCfg = Release|Any CPU
		{2DCC875F-37DB-4428-9BCD-7E585FA78FF6}.Release|Any CPU.Build.0 = Release|Any CPU
		{B676AC3D-1B2C-4C67-9BEA-EBCD188A22C8}.Debug|Any CPU.ActiveCfg = Debug|Any CPU
		{B676AC3D-1B2C-4C67-9BEA-EBCD188A22C8}.Debug|Any CPU.Build.0 = Debug|Any CPU
		{B676AC3D-1B2C-4C67-9BEA-EBCD188A22C8}.Release|Any CPU.ActiveCfg = Release|Any CPU
		{B676AC3D-1B2C-4C67-9BEA-EBCD188A22C8}.Release|Any CPU.Build.0 = Release|Any CPU
		{3D1AA635-106F-4461-AF4F-78B374FBF5B0}.Debug|Any CPU.ActiveCfg = Debug|Any CPU
		{3D1AA635-106F-4461-AF4F-78B374FBF5B0}.Debug|Any CPU.Build.0 = Debug|Any CPU
		{3D1AA635-106F-4461-AF4F-78B374FBF5B0}.Release|Any CPU.ActiveCfg = Release|Any CPU
		{3D1AA635-106F-4461-AF4F-78B374FBF5B0}.Release|Any CPU.Build.0 = Release|Any CPU
	EndGlobalSection
	GlobalSection(SolutionProperties) = preSolution
		HideSolutionNode = FALSE
	EndGlobalSection
	GlobalSection(NestedProjects) = preSolution
		{0968C63D-8CEB-4DB1-958C-EC52B1095994} = {B1003E46-B828-46F5-A53C-0B65BC5DE390}
		{19E996D7-3C03-41EB-8F94-E4C6DFF85004} = {B1003E46-B828-46F5-A53C-0B65BC5DE390}
		{4BB0E566-3435-4F3A-9577-299D28A50294} = {B1003E46-B828-46F5-A53C-0B65BC5DE390}
		{70D86F4F-0DEF-4A83-A54C-E1CFB1B843FB} = {19E996D7-3C03-41EB-8F94-E4C6DFF85004}
		{2DCC875F-37DB-4428-9BCD-7E585FA78FF6} = {19E996D7-3C03-41EB-8F94-E4C6DFF85004}
		{B676AC3D-1B2C-4C67-9BEA-EBCD188A22C8} = {4BB0E566-3435-4F3A-9577-299D28A50294}
		{3D1AA635-106F-4461-AF4F-78B374FBF5B0} = {0968C63D-8CEB-4DB1-958C-EC52B1095994}
	EndGlobalSection
EndGlobal
